
Microsoft Visual Studio Solution File, Format Version 12.00
# Visual Studio Version 17
VisualStudioVersion = 17.11.35312.102
MinimumVisualStudioVersion = 10.0.40219.1
Project("{FAE04EC0-301F-11D3-BF4B-00C04F79EFBC}") = "CorePortfolio", "CorePortfolio\CorePortfolio.csproj", "{0F56E831-05F2-4AFE-AFC1-C35FC33D787E}"
EndProject
Global
	GlobalSection(SolutionConfigurationPlatforms) = preSolution
		Debug|Any CPU = Debug|Any CPU
		Release|Any CPU = Release|Any CPU
	EndGlobalSection
	GlobalSection(ProjectConfigurationPlatforms) = postSolution
		{0F56E831-05F2-4AFE-AFC1-C35FC33D787E}.Debug|Any CPU.ActiveCfg = Debug|Any CPU
		{0F56E831-05F2-4AFE-AFC1-C35FC33D787E}.Debug|Any CPU.Build.0 = Debug|Any CPU
		{0F56E831-05F2-4AFE-AFC1-C35FC33D787E}.Release|Any CPU.ActiveCfg = Release|Any CPU
		{0F56E831-05F2-4AFE-AFC1-C35FC33D787E}.Release|Any CPU.Build.0 = Release|Any CPU
	EndGlobalSection
	GlobalSection(SolutionProperties) = preSolution
		HideSolutionNode = FALSE
	EndGlobalSection
	GlobalSection(ExtensibilityGlobals) = postSolution
		SolutionGuid = {33348F12-1375-4A4D-9E21-E32EE1C43F7E}
	EndGlobalSection
EndGlobal
